
Microsoft Visual Studio Solution File, Format Version 12.00
# Visual Studio 15
VisualStudioVersion = 15.0.28307.136
MinimumVisualStudioVersion = 10.0.40219.1
Project("{FAE04EC0-301F-11D3-BF4B-00C04F79EFBC}") = "WindowsFormsApp60", "WindowsFormsApp60\WindowsFormsApp60.csproj", "{4280A07C-E0CE-47CF-A5E0-5EDC6E71D0DE}"
EndProject
Global
	GlobalSection(SolutionConfigurationPlatforms) = preSolution
		Debug|Any CPU = Debug|Any CPU
		Release|Any CPU = Release|Any CPU
	EndGlobalSection
	GlobalSection(ProjectConfigurationPlatforms) = postSolution
		{4280A07C-E0CE-47CF-A5E0-5EDC6E71D0DE}.Debug|Any CPU.ActiveCfg = Debug|Any CPU
		{4280A07C-E0CE-47CF-A5E0-5EDC6E71D0DE}.Debug|Any CPU.Build.0 = Debug|Any CPU
		{4280A07C-E0CE-47CF-A5E0-5EDC6E71D0DE}.Release|Any CPU.ActiveCfg = Release|Any CPU
		{4280A07C-E0CE-47CF-A5E0-5EDC6E71D0DE}.Release|Any CPU.Build.0 = Release|Any CPU
	EndGlobalSection
	GlobalSection(SolutionProperties) = preSolution
		HideSolutionNode = FALSE
	EndGlobalSection
	GlobalSection(ExtensibilityGlobals) = postSolution
		SolutionGuid = {A0942C84-F887-4DB4-B9E0-26ECF0E498FE}
	EndGlobalSection
EndGlobal
